
Microsoft Visual Studio Solution File, Format Version 12.00
# Visual Studio 2012
Project("{8BC9CEB8-8B4A-11D0-8D11-00A0C91BC942}") = "cs204 hw1 nidanur", "cs204 hw1 nidanur\cs204 hw1 nidanur.vcxproj", "{5D734053-A72E-4319-BA30-389DAB5C5B88}"
EndProject
Global
	GlobalSection(SolutionConfigurationPlatforms) = preSolution
		Debug|Win32 = Debug|Win32
		Release|Win32 = Release|Win32
	EndGlobalSection
	GlobalSection(ProjectConfigurationPlatforms) = postSolution
		{5D734053-A72E-4319-BA30-389DAB5C5B88}.Debug|Win32.ActiveCfg = Debug|Win32
		{5D734053-A72E-4319-BA30-389DAB5C5B88}.Debug|Win32.Build.0 = Debug|Win32
		{5D734053-A72E-4319-BA30-389DAB5C5B88}.Release|Win32.ActiveCfg = Release|Win32
		{5D734053-A72E-4319-BA30-389DAB5C5B88}.Release|Win32.Build.0 = Release|Win32
	EndGlobalSection
	GlobalSection(SolutionProperties) = preSolution
		HideSolutionNode = FALSE
	EndGlobalSection
EndGlobal
